
Microsoft Visual Studio Solution File, Format Version 12.00
# Visual Studio Version 17
VisualStudioVersion = 17.1.32407.343
MinimumVisualStudioVersion = 10.0.40219.1
Project("{FAE04EC0-301F-11D3-BF4B-00C04F79EFBC}") = "framer", "framer\framer.csproj", "{0AACB305-1604-4928-AF50-CD64637BAC8D}"
EndProject
Global
	GlobalSection(SolutionConfigurationPlatforms) = preSolution
		Debug|Any CPU = Debug|Any CPU
		Release|Any CPU = Release|Any CPU
	EndGlobalSection
	GlobalSection(ProjectConfigurationPlatforms) = postSolution
		{0AACB305-1604-4928-AF50-CD64637BAC8D}.Debug|Any CPU.ActiveCfg = Debug|Any CPU
		{0AACB305-1604-4928-AF50-CD64637BAC8D}.Debug|Any CPU.Build.0 = Debug|Any CPU
		{0AACB305-1604-4928-AF50-CD64637BAC8D}.Release|Any CPU.ActiveCfg = Release|Any CPU
		{0AACB305-1604-4928-AF50-CD64637BAC8D}.Release|Any CPU.Build.0 = Release|Any CPU
	EndGlobalSection
	GlobalSection(SolutionProperties) = preSolution
		HideSolutionNode = FALSE
	EndGlobalSection
	GlobalSection(ExtensibilityGlobals) = postSolution
		SolutionGuid = {D198C26E-E5B1-4309-8911-F3595DF75D31}
	EndGlobalSection
EndGlobal
